
Microsoft Visual Studio Solution File, Format Version 12.00
# Visual Studio Version 17
VisualStudioVersion = 17.10.35013.160
MinimumVisualStudioVersion = 10.0.40219.1
Project("{E24C65DC-7377-472B-9ABA-BC803B73C61A}") = "summerschool", "summerschool\", "{E3AD53DD-B5FA-4392-8141-92E095309D69}"
	ProjectSection(WebsiteProperties) = preProject
		TargetFrameworkMoniker = ".NETFramework,Version%3Dv4.7.2"
		ProjectReferences = "{c7e53ae0-cfd9-44c2-bd3a-2e579531da1f}|BusinessLogicLayer.dll;"
		Debug.AspNetCompiler.VirtualPath = "/localhost_61014"
		Debug.AspNetCompiler.PhysicalPath = "summerschool\"
		Debug.AspNetCompiler.TargetPath = "PrecompiledWeb\localhost_61014\"
		Debug.AspNetCompiler.Updateable = "true"
		Debug.AspNetCompiler.ForceOverwrite = "true"
		Debug.AspNetCompiler.FixedNames = "false"
		Debug.AspNetCompiler.Debug = "True"
		Release.AspNetCompiler.VirtualPath = "/localhost_61014"
		Release.AspNetCompiler.PhysicalPath = "summerschool\"
		Release.AspNetCompiler.TargetPath = "PrecompiledWeb\localhost_61014\"
		Release.AspNetCompiler.Updateable = "true"
		Release.AspNetCompiler.ForceOverwrite = "true"
		Release.AspNetCompiler.FixedNames = "false"
		Release.AspNetCompiler.Debug = "False"
		VWDPort = "61014"
		SlnRelativePath = "summerschool\"
		DefaultWebSiteLanguage = "Visual C#"
	EndProjectSection
EndProject
Project("{9A19103F-16F7-4668-BE54-9A1E7A4F7556}") = "EntityLayer", "EntityLayer\EntityLayer.csproj", "{B16BD6CA-33B5-47F2-AF74-6086B0B340D1}"
EndProject
Project("{9A19103F-16F7-4668-BE54-9A1E7A4F7556}") = "DataAccessLayer", "DataAccessLayer\DataAccessLayer.csproj", "{6BA4E932-D70E-4D06-A80D-5E6F778E6EB0}"
EndProject
Project("{9A19103F-16F7-4668-BE54-9A1E7A4F7556}") = "BusinessLogicLayer", "BusinessLogicLayer\BusinessLogicLayer.csproj", "{C7E53AE0-CFD9-44C2-BD3A-2E579531DA1F}"
EndProject
Global
	GlobalSection(SolutionConfigurationPlatforms) = preSolution
		Debug|Any CPU = Debug|Any CPU
		Release|Any CPU = Release|Any CPU
	EndGlobalSection
	GlobalSection(ProjectConfigurationPlatforms) = postSolution
		{E3AD53DD-B5FA-4392-8141-92E095309D69}.Debug|Any CPU.ActiveCfg = Debug|Any CPU
		{E3AD53DD-B5FA-4392-8141-92E095309D69}.Debug|Any CPU.Build.0 = Debug|Any CPU
		{E3AD53DD-B5FA-4392-8141-92E095309D69}.Release|Any CPU.ActiveCfg = Debug|Any CPU
		{E3AD53DD-B5FA-4392-8141-92E095309D69}.Release|Any CPU.Build.0 = Debug|Any CPU
		{B16BD6CA-33B5-47F2-AF74-6086B0B340D1}.Debug|Any CPU.ActiveCfg = Debug|Any CPU
		{B16BD6CA-33B5-47F2-AF74-6086B0B340D1}.Debug|Any CPU.Build.0 = Debug|Any CPU
		{B16BD6CA-33B5-47F2-AF74-6086B0B340D1}.Release|Any CPU.ActiveCfg = Release|Any CPU
		{B16BD6CA-33B5-47F2-AF74-6086B0B340D1}.Release|Any CPU.Build.0 = Release|Any CPU
		{6BA4E932-D70E-4D06-A80D-5E6F778E6EB0}.Debug|Any CPU.ActiveCfg = Debug|Any CPU
		{6BA4E932-D70E-4D06-A80D-5E6F778E6EB0}.Debug|Any CPU.Build.0 = Debug|Any CPU
		{6BA4E932-D70E-4D06-A80D-5E6F778E6EB0}.Release|Any CPU.ActiveCfg = Release|Any CPU
		{6BA4E932-D70E-4D06-A80D-5E6F778E6EB0}.Release|Any CPU.Build.0 = Release|Any CPU
		{C7E53AE0-CFD9-44C2-BD3A-2E579531DA1F}.Debug|Any CPU.ActiveCfg = Debug|Any CPU
		{C7E53AE0-CFD9-44C2-BD3A-2E579531DA1F}.Debug|Any CPU.Build.0 = Debug|Any CPU
		{C7E53AE0-CFD9-44C2-BD3A-2E579531DA1F}.Release|Any CPU.ActiveCfg = Release|Any CPU
		{C7E53AE0-CFD9-44C2-BD3A-2E579531DA1F}.Release|Any CPU.Build.0 = Release|Any CPU
	EndGlobalSection
	GlobalSection(SolutionProperties) = preSolution
		HideSolutionNode = FALSE
	EndGlobalSection
	GlobalSection(ExtensibilityGlobals) = postSolution
		SolutionGuid = {573A2644-613C-4B84-B8E1-C56F7DAED35B}
	EndGlobalSection
EndGlobal
